
Microsoft Visual Studio Solution File, Format Version 12.00
# Visual Studio Version 16
VisualStudioVersion = 16.6.30114.105
MinimumVisualStudioVersion = 10.0.40219.1
Project("{FAE04EC0-301F-11D3-BF4B-00C04F79EFBC}") = "Console", "Console\Console.csproj", "{8C235322-64E5-4E1F-B550-443D93200EC2}"
EndProject
Project("{FAE04EC0-301F-11D3-BF4B-00C04F79EFBC}") = "Library", "Library\Library.csproj", "{507F2919-8CE1-4176-821A-B18D15469DC6}"
EndProject
Global
	GlobalSection(SolutionConfigurationPlatforms) = preSolution
		Debug|Any CPU = Debug|Any CPU
		Debug|x64 = Debug|x64
		Debug|x86 = Debug|x86
		Release|Any CPU = Release|Any CPU
		Release|x64 = Release|x64
		Release|x86 = Release|x86
	EndGlobalSection
	GlobalSection(SolutionProperties) = preSolution
		HideSolutionNode = FALSE
	EndGlobalSection
	GlobalSection(ProjectConfigurationPlatforms) = postSolution
		{8C235322-64E5-4E1F-B550-443D93200EC2}.Debug|Any CPU.ActiveCfg = Debug|Any CPU
		{8C235322-64E5-4E1F-B550-443D93200EC2}.Debug|Any CPU.Build.0 = Debug|Any CPU
		{8C235322-64E5-4E1F-B550-443D93200EC2}.Debug|x64.ActiveCfg = Debug|Any CPU
		{8C235322-64E5-4E1F-B550-443D93200EC2}.Debug|x64.Build.0 = Debug|Any CPU
		{8C235322-64E5-4E1F-B550-443D93200EC2}.Debug|x86.ActiveCfg = Debug|Any CPU
		{8C235322-64E5-4E1F-B550-443D93200EC2}.Debug|x86.Build.0 = Debug|Any CPU
		{8C235322-64E5-4E1F-B550-443D93200EC2}.Release|Any CPU.ActiveCfg = Release|Any CPU
		{8C235322-64E5-4E1F-B550-443D93200EC2}.Release|Any CPU.Build.0 = Release|Any CPU
		{8C235322-64E5-4E1F-B550-443D93200EC2}.Release|x64.ActiveCfg = Release|Any CPU
		{8C235322-64E5-4E1F-B550-443D93200EC2}.Release|x64.Build.0 = Release|Any CPU
		{8C235322-64E5-4E1F-B550-443D93200EC2}.Release|x86.ActiveCfg = Release|Any CPU
		{8C235322-64E5-4E1F-B550-443D93200EC2}.Release|x86.Build.0 = Release|Any CPU
		{507F2919-8CE1-4176-821A-B18D15469DC6}.Debug|Any CPU.ActiveCfg = Debug|Any CPU
		{507F2919-8CE1-4176-821A-B18D15469DC6}.Debug|Any CPU.Build.0 = Debug|Any CPU
		{507F2919-8CE1-4176-821A-B18D15469DC6}.Debug|x64.ActiveCfg = Debug|Any CPU
		{507F2919-8CE1-4176-821A-B18D15469DC6}.Debug|x64.Build.0 = Debug|Any CPU
		{507F2919-8CE1-4176-821A-B18D15469DC6}.Debug|x86.ActiveCfg = Debug|Any CPU
		{507F2919-8CE1-4176-821A-B18D15469DC6}.Debug|x86.Build.0 = Debug|Any CPU
		{507F2919-8CE1-4176-821A-B18D15469DC6}.Release|Any CPU.ActiveCfg = Release|Any CPU
		{507F2919-8CE1-4176-821A-B18D15469DC6}.Release|Any CPU.Build.0 = Release|Any CPU
		{507F2919-8CE1-4176-821A-B18D15469DC6}.Release|x64.ActiveCfg = Release|Any CPU
		{507F2919-8CE1-4176-821A-B18D15469DC6}.Release|x64.Build.0 = Release|Any CPU
		{507F2919-8CE1-4176-821A-B18D15469DC6}.Release|x86.ActiveCfg = Release|Any CPU
		{507F2919-8CE1-4176-821A-B18D15469DC6}.Release|x86.Build.0 = Release|Any CPU
	EndGlobalSection
EndGlobal
